
Microsoft Visual Studio Solution File, Format Version 12.00
# Visual Studio Version 16
VisualStudioVersion = 16.0.30114.105
MinimumVisualStudioVersion = 10.0.40219.1
Project("{FAE04EC0-301F-11D3-BF4B-00C04F79EFBC}") = "Kermesse Proyecto", "Kermesse Proyecto\Kermesse Proyecto.csproj", "{800BF5CE-D537-4BB7-ADBE-BA701B2F0B5E}"
EndProject
Global
	GlobalSection(SolutionConfigurationPlatforms) = preSolution
		Debug|Any CPU = Debug|Any CPU
		Release|Any CPU = Release|Any CPU
	EndGlobalSection
	GlobalSection(ProjectConfigurationPlatforms) = postSolution
		{800BF5CE-D537-4BB7-ADBE-BA701B2F0B5E}.Debug|Any CPU.ActiveCfg = Debug|Any CPU
		{800BF5CE-D537-4BB7-ADBE-BA701B2F0B5E}.Debug|Any CPU.Build.0 = Debug|Any CPU
		{800BF5CE-D537-4BB7-ADBE-BA701B2F0B5E}.Release|Any CPU.ActiveCfg = Release|Any CPU
		{800BF5CE-D537-4BB7-ADBE-BA701B2F0B5E}.Release|Any CPU.Build.0 = Release|Any CPU
	EndGlobalSection
	GlobalSection(SolutionProperties) = preSolution
		HideSolutionNode = FALSE
	EndGlobalSection
	GlobalSection(ExtensibilityGlobals) = postSolution
		SolutionGuid = {8368A302-8E54-40AE-A3A1-188A5FA70412}
	EndGlobalSection
EndGlobal
